// !$*UTF8*$!
{
	archiveVersion = 1;
	classes = {
	};
	objectVersion = 55;
	objects = {

/* Begin PBXBuildFile section */
		C1AF625827A8409C0016ACE9 /* CoreDataManager.swift in Sources */ = {isa = PBXBuildFile; fileRef = C1AF625727A8409C0016ACE9 /* CoreDataManager.swift */; };
		C1C40004279E385600294962 /* JokeTableViewController.swift in Sources */ = {isa = PBXBuildFile; fileRef = C1C40003279E385600294962 /* JokeTableViewController.swift */; };
		C1C40007279E3BA600294962 /* JokeModel.xcdatamodeld in Sources */ = {isa = PBXBuildFile; fileRef = C1C40005279E3BA600294962 /* JokeModel.xcdatamodeld */; };
		C1C40009279E3C8200294962 /* JokeMessage.swift in Sources */ = {isa = PBXBuildFile; fileRef = C1C40008279E3C8200294962 /* JokeMessage.swift */; };
		C1C4000C279E3D0D00294962 /* Joke+CoreDataClass.swift in Sources */ = {isa = PBXBuildFile; fileRef = C1C4000A279E3D0D00294962 /* Joke+CoreDataClass.swift */; };
		C1C4000D279E3D0D00294962 /* Joke+CoreDataProperties.swift in Sources */ = {isa = PBXBuildFile; fileRef = C1C4000B279E3D0D00294962 /* Joke+CoreDataProperties.swift */; };
		C1C4FFF0279E362000294962 /* AppDelegate.swift in Sources */ = {isa = PBXBuildFile; fileRef = C1C4FFEF279E362000294962 /* AppDelegate.swift */; };
		C1C4FFF2279E362000294962 /* SceneDelegate.swift in Sources */ = {isa = PBXBuildFile; fileRef = C1C4FFF1279E362000294962 /* SceneDelegate.swift */; };
		C1C4FFF4279E362000294962 /* ModalViewController.swift in Sources */ = {isa = PBXBuildFile; fileRef = C1C4FFF3279E362000294962 /* ModalViewController.swift */; };
		C1C4FFF7279E362000294962 /* Main.storyboard in Resources */ = {isa = PBXBuildFile; fileRef = C1C4FFF5279E362000294962 /* Main.storyboard */; };
		C1C4FFF9279E362200294962 /* Assets.xcassets in Resources */ = {isa = PBXBuildFile; fileRef = C1C4FFF8279E362200294962 /* Assets.xcassets */; };
		C1C4FFFC279E362200294962 /* LaunchScreen.storyboard in Resources */ = {isa = PBXBuildFile; fileRef = C1C4FFFA279E362200294962 /* LaunchScreen.storyboard */; };
/* End PBXBuildFile section */

/* Begin PBXFileReference section */
		C1AF625727A8409C0016ACE9 /* CoreDataManager.swift */ = {isa = PBXFileReference; lastKnownFileType = sourcecode.swift; path = CoreDataManager.swift; sourceTree = "<group>"; };
		C1C40003279E385600294962 /* JokeTableViewController.swift */ = {isa = PBXFileReference; lastKnownFileType = sourcecode.swift; path = JokeTableViewController.swift; sourceTree = "<group>"; };
		C1C40006279E3BA600294962 /* JokeModel.xcdatamodel */ = {isa = PBXFileReference; lastKnownFileType = wrapper.xcdatamodel; path = JokeModel.xcdatamodel; sourceTree = "<group>"; };
		C1C40008279E3C8200294962 /* JokeMessage.swift */ = {isa = PBXFileReference; lastKnownFileType = sourcecode.swift; path = JokeMessage.swift; sourceTree = "<group>"; };
		C1C4000A279E3D0D00294962 /* Joke+CoreDataClass.swift */ = {isa = PBXFileReference; lastKnownFileType = sourcecode.swift; path = "Joke+CoreDataClass.swift"; sourceTree = "<group>"; };
		C1C4000B279E3D0D00294962 /* Joke+CoreDataProperties.swift */ = {isa = PBXFileReference; lastKnownFileType = sourcecode.swift; path = "Joke+CoreDataProperties.swift"; sourceTree = "<group>"; };
		C1C4FFEC279E362000294962 /* CoreDataCRUDPractice.app */ = {isa = PBXFileReference; explicitFileType = wrapper.application; includeInIndex = 0; path = CoreDataCRUDPractice.app; sourceTree = BUILT_PRODUCTS_DIR; };
		C1C4FFEF279E362000294962 /* AppDelegate.swift */ = {isa = PBXFileReference; lastKnownFileType = sourcecode.swift; path = AppDelegate.swift; sourceTree = "<group>"; };
		C1C4FFF1279E362000294962 /* SceneDelegate.swift */ = {isa = PBXFileReference; lastKnownFileType = sourcecode.swift; path = SceneDelegate.swift; sourceTree = "<group>"; };
		C1C4FFF3279E362000294962 /* ModalViewController.swift */ = {isa = PBXFileReference; lastKnownFileType = sourcecode.swift; path = ModalViewController.swift; sourceTree = "<group>"; };
		C1C4FFF6279E362000294962 /* Base */ = {isa = PBXFileReference; lastKnownFileType = file.storyboard; name = Base; path = Base.lproj/Main.storyboard; sourceTree = "<group>"; };
		C1C4FFF8279E362200294962 /* Assets.xcassets */ = {isa = PBXFileReference; lastKnownFileType = folder.assetcatalog; path = Assets.xcassets; sourceTree = "<group>"; };
		C1C4FFFB279E362200294962 /* Base */ = {isa = PBXFileReference; lastKnownFileType = file.storyboard; name = Base; path = Base.lproj/LaunchScreen.storyboard; sourceTree = "<group>"; };
		C1C4FFFD279E362200294962 /* Info.plist */ = {isa = PBXFileReference; lastKnownFileType = text.plist.xml; path = Info.plist; sourceTree = "<group>"; };
/* End PBXFileReference section */

/* Begin PBXFrameworksBuildPhase section */
		C1C4FFE9279E362000294962 /* Frameworks */ = {
			isa = PBXFrameworksBuildPhase;
			buildActionMask = 2147483647;
			files = (
			);
			runOnlyForDeploymentPostprocessing = 0;
		};
/* End PBXFrameworksBuildPhase section */

/* Begin PBXGroup section */
		C1C4FFE3279E362000294962 = {
			isa = PBXGroup;
			children = (
				C1C4000A279E3D0D00294962 /* Joke+CoreDataClass.swift */,
				C1C4000B279E3D0D00294962 /* Joke+CoreDataProperties.swift */,
				C1C4FFEE279E362000294962 /* CoreDataCRUDPractice */,
				C1C4FFED279E362000294962 /* Products */,
			);
			sourceTree = "<group>";
		};
		C1C4FFED279E362000294962 /* Products */ = {
			isa = PBXGroup;
			children = (
				C1C4FFEC279E362000294962 /* CoreDataCRUDPractice.app */,
			);
			name = Products;
			sourceTree = "<group>";
		};
		C1C4FFEE279E362000294962 /* CoreDataCRUDPractice */ = {
			isa = PBXGroup;
			children = (
				C1C40008279E3C8200294962 /* JokeMessage.swift */,
				C1AF625727A8409C0016ACE9 /* CoreDataManager.swift */,
				C1C40003279E385600294962 /* JokeTableViewController.swift */,
				C1C4FFF3279E362000294962 /* ModalViewController.swift */,
				C1C4FFEF279E362000294962 /* AppDelegate.swift */,
				C1C4FFF1279E362000294962 /* SceneDelegate.swift */,
				C1C4FFF5279E362000294962 /* Main.storyboard */,
				C1C4FFF8279E362200294962 /* Assets.xcassets */,
				C1C4FFFA279E362200294962 /* LaunchScreen.storyboard */,
				C1C4FFFD279E362200294962 /* Info.plist */,
				C1C40005279E3BA600294962 /* JokeModel.xcdatamodeld */,
			);
			path = CoreDataCRUDPractice;
			sourceTree = "<group>";
		};
/* End PBXGroup section */

/* Begin PBXNativeTarget section */
		C1C4FFEB279E362000294962 /* CoreDataCRUDPractice */ = {
			isa = PBXNativeTarget;
			buildConfigurationList = C1C40000279E362200294962 /* Build configuration list for PBXNativeTarget "CoreDataCRUDPractice" */;
			buildPhases = (
				C1C4FFE8279E362000294962 /* Sources */,
				C1C4FFE9279E362000294962 /* Frameworks */,
				C1C4FFEA279E362000294962 /* Resources */,
			);
			buildRules = (
			);
			dependencies = (
			);
			name = CoreDataCRUDPractice;
			productName = CoreDataCRUDPractice;
			productReference = C1C4FFEC279E362000294962 /* CoreDataCRUDPractice.app */;
			productType = "com.apple.product-type.application";
		};
/* End PBXNativeTarget section */

/* Begin PBXProject section */
		C1C4FFE4279E362000294962 /* Project object */ = {
			isa = PBXProject;
			attributes = {
				BuildIndependentTargetsInParallel = 1;
				LastSwiftUpdateCheck = 1320;
				LastUpgradeCheck = 1320;
				TargetAttributes = {
					C1C4FFEB279E362000294962 = {
						CreatedOnToolsVersion = 13.2.1;
					};
				};
			};
			buildConfigurationList = C1C4FFE7279E362000294962 /* Build configuration list for PBXProject "CoreDataCRUDPractice" */;
			compatibilityVersion = "Xcode 13.0";
			developmentRegion = en;
			hasScannedForEncodings = 0;
			knownRegions = (
				en,
				Base,
			);
			mainGroup = C1C4FFE3279E362000294962;
			productRefGroup = C1C4FFED279E362000294962 /* Products */;
			projectDirPath = "";
			projectRoot = "";
			targets = (
				C1C4FFEB279E362000294962 /* CoreDataCRUDPractice */,
			);
		};
/* End PBXProject section */

/* Begin PBXResourcesBuildPhase section */
		C1C4FFEA279E362000294962 /* Resources */ = {
			isa = PBXResourcesBuildPhase;
			buildActionMask = 2147483647;
			files = (
				C1C4FFFC279E362200294962 /* LaunchScreen.storyboard in Resources */,
				C1C4FFF9279E362200294962 /* Assets.xcassets in Resources */,
				C1C4FFF7279E362000294962 /* Main.storyboard in Resources */,
			);
			runOnlyForDeploymentPostprocessing = 0;
		};
/* End PBXResourcesBuildPhase section */

/* Begin PBXSourcesBuildPhase section */
		C1C4FFE8279E362000294962 /* Sources */ = {
			isa = PBXSourcesBuildPhase;
			buildActionMask = 2147483647;
			files = (
				C1C4000C279E3D0D00294962 /* Joke+CoreDataClass.swift in Sources */,
				C1C4FFF4279E362000294962 /* ModalViewController.swift in Sources */,
				C1C4FFF0279E362000294962 /* AppDelegate.swift in Sources */,
				C1C40009279E3C8200294962 /* JokeMessage.swift in Sources */,
				C1C4000D279E3D0D00294962 /* Joke+CoreDataProperties.swift in Sources */,
				C1C4FFF2279E362000294962 /* SceneDelegate.swift in Sources */,
				C1AF625827A8409C0016ACE9 /* CoreDataManager.swift in Sources */,
				C1C40007279E3BA600294962 /* JokeModel.xcdatamodeld in Sources */,
				C1C40004279E385600294962 /* JokeTableViewController.swift in Sources */,
			);
			runOnlyForDeploymentPostprocessing = 0;
		};
/* End PBXSourcesBuildPhase section */

/* Begin PBXVariantGroup section */
		C1C4FFF5279E362000294962 /* Main.storyboard */ = {
			isa = PBXVariantGroup;
			children = (
				C1C4FFF6279E362000294962 /* Base */,
			);
			name = Main.storyboard;
			sourceTree = "<group>";
		};
		C1C4FFFA279E362200294962 /* LaunchScreen.storyboard */ = {
			isa = PBXVariantGroup;
			children = (
				C1C4FFFB279E362200294962 /* Base */,
			);
			name = LaunchScreen.storyboard;
			sourceTree = "<group>";
		};
/* End PBXVariantGroup section */

/* Begin XCBuildConfiguration section */
		C1C40001279E362200294962 /* Debug */ = {
			isa = XCBuildConfiguration;
			buildSettings = {
				ASSETCATALOG_COMPILER_APPICON_NAME = AppIcon;
				ASSETCATALOG_COMPILER_GLOBAL_ACCENT_COLOR_NAME = AccentColor;
				CODE_SIGN_STYLE = Automatic;
				CURRENT_PROJECT_VERSION = 1;
				DEVELOPMENT_TEAM = A5LBYGCGKX;
				GENERATE_INFOPLIST_FILE = YES;
				INFOPLIST_FILE = CoreDataCRUDPractice/Info.plist;
				INFOPLIST_KEY_UIApplicationSupportsIndirectInputEvents = YES;
				INFOPLIST_KEY_UILaunchStoryboardName = LaunchScreen;
				INFOPLIST_KEY_UIMainStoryboardFile = Main;
				INFOPLIST_KEY_UISupportedInterfaceOrientations_iPad = "UIInterfaceOrientationPortrait UIInterfaceOrientationPortraitUpsideDown UIInterfaceOrientationLandscapeLeft UIInterfaceOrientationLandscapeRight";
				INFOPLIST_KEY_UISupportedInterfaceOrientations_iPhone = "UIInterfaceOrientationPortrait UIInterfaceOrientationLandscapeLeft UIInterfaceOrientationLandscapeRight";
				LD_RUNPATH_SEARCH_PATHS = (
					"$(inherited)",
					"@executable_path/Frameworks",
				);
				MARKETING_VERSION = 1.0;
				PRODUCT_BUNDLE_IDENTIFIER = bicycleforthemind.CoreDataCRUDPractice;
				PRODUCT_NAME = "$(TARGET_NAME)";
				SWIFT_EMIT_LOC_STRINGS = YES;
				SWIFT_VERSION = 5.0;
				TARGETED_DEVICE_FAMILY = "1,2";
			};
			name = Debug;
		};
		C1C40002279E362200294962 /* Release */ = {
			isa = XCBuildConfiguration;
			buildSettings = {
				ASSETCATALOG_COMPILER_APPICON_NAME = AppIcon;
				ASSETCATALOG_COMPILER_GLOBAL_ACCENT_COLOR_NAME = AccentColor;
				CODE_SIGN_STYLE = Automatic;
				CURRENT_PROJECT_VERSION = 1;
				DEVELOPMENT_TEAM = A5LBYGCGKX;
				GENERATE_INFOPLIST_FILE = YES;
				INFOPLIST_FILE = CoreDataCRUDPractice/Info.plist;
				INFOPLIST_KEY_UIApplicationSupportsIndirectInputEvents = YES;
				INFOPLIST_KEY_UILaunchStoryboardName = LaunchScreen;
				INFOPLIST_KEY_UIMainStoryboardFile = Main;
				INFOPLIST_KEY_UISupportedInterfaceOrientations_iPad = "UIInterfaceOrientationPortrait UIInterfaceOrientationPortraitUpsideDown UIInterfaceOrientationLandscapeLeft UIInterfaceOrientationLandscapeRight";
				INFOPLIST_KEY_UISupportedInterfaceOrientations_iPhone = "UIInterfaceOrientationPortrait UIInterfaceOrientationLandscapeLeft UIInterfaceOrientationLandscapeRight";
				LD_RUNPATH_SEARCH_PATHS = (
					"$(inherited)",
					"@executable_path/Frameworks",
				);
				MARKETING_VERSION = 1.0;
				PRODUCT_BUNDLE_IDENTIFIER = bicycleforthemind.CoreDataCRUDPractice;
				PRODUCT_NAME = "$(TARGET_NAME)";
				SWIFT_EMIT_LOC_STRINGS = YES;
				SWIFT_VERSION = 5.0;
				TARGETED_DEVICE_FAMILY = "1,2";
			};
			name = Release;
		};
		C1C4FFFE279E362200294962 /* Debug */ = {
			isa = XCBuildConfiguration;
			buildSettings = {
				ALWAYS_SEARCH_USER_PATHS = NO;
				CLANG_ANALYZER_NONNULL = YES;
				CLANG_ANALYZER_NUMBER_OBJECT_CONVERSION = YES_AGGRESSIVE;
				CLANG_CXX_LANGUAGE_STANDARD = "gnu++17";
				CLANG_CXX_LIBRARY = "libc++";
				CLANG_ENABLE_MODULES = YES;
				CLANG_ENABLE_OBJC_ARC = YES;
				CLANG_ENABLE_OBJC_WEAK = YES;
				CLANG_WARN_BLOCK_CAPTURE_AUTORELEASING = YES;
				CLANG_WARN_BOOL_CONVERSION = YES;
				CLANG_WARN_COMMA = YES;
				CLANG_WARN_CONSTANT_CONVERSION = YES;
				CLANG_WARN_DEPRECATED_OBJC_IMPLEMENTATIONS = YES;
				CLANG_WARN_DIRECT_OBJC_ISA_USAGE = YES_ERROR;
				CLANG_WARN_DOCUMENTATION_COMMENTS = YES;
				CLANG_WARN_EMPTY_BODY = YES;
				CLANG_WARN_ENUM_CONVERSION = YES;
				CLANG_WARN_INFINITE_RECURSION = YES;
				CLANG_WARN_INT_CONVERSION = YES;
				CLANG_WARN_NON_LITERAL_NULL_CONVERSION = YES;
				CLANG_WARN_OBJC_IMPLICIT_RETAIN_SELF = YES;
				CLANG_WARN_OBJC_LITERAL_CONVERSION = YES;
				CLANG_WARN_OBJC_ROOT_CLASS = YES_ERROR;
				CLANG_WARN_QUOTED_INCLUDE_IN_FRAMEWORK_HEADER = YES;
				CLANG_WARN_RANGE_LOOP_ANALYSIS = YES;
				CLANG_WARN_STRICT_PROTOTYPES = YES;
				CLANG_WARN_SUSPICIOUS_MOVE = YES;
				CLANG_WARN_UNGUARDED_AVAILABILITY = YES_AGGRESSIVE;
				CLANG_WARN_UNREACHABLE_CODE = YES;
				CLANG_WARN__DUPLICATE_METHOD_MATCH = YES;
				COPY_PHASE_STRIP = NO;
				DEBUG_INFORMATION_FORMAT = dwarf;
				ENABLE_STRICT_OBJC_MSGSEND = YES;
				ENABLE_TESTABILITY = YES;
				GCC_C_LANGUAGE_STANDARD = gnu11;
				GCC_DYNAMIC_NO_PIC = NO;
				GCC_NO_COMMON_BLOCKS = YES;
				GCC_OPTIMIZATION_LEVEL = 0;
				GCC_PREPROCESSOR_DEFINITIONS = (
					"DEBUG=1",
					"$(inherited)",
				);
				GCC_WARN_64_TO_32_BIT_CONVERSION = YES;
				GCC_WARN_ABOUT_RETURN_TYPE = YES_ERROR;
				GCC_WARN_UNDECLARED_SELECTOR = YES;
				GCC_WARN_UNINITIALIZED_AUTOS = YES_AGGRESSIVE;
				GCC_WARN_UNUSED_FUNCTION = YES;
				GCC_WARN_UNUSED_VARIABLE = YES;
				IPHONEOS_DEPLOYMENT_TARGET = 15.2;
				MTL_ENABLE_DEBUG_INFO = INCLUDE_SOURCE;
				MTL_FAST_MATH = YES;
				ONLY_ACTIVE_ARCH = YES;
				SDKROOT = iphoneos;
				SWIFT_ACTIVE_COMPILATION_CONDITIONS = DEBUG;
				SWIFT_OPTIMIZATION_LEVEL = "-Onone";
			};
			name = Debug;
		};
		C1C4FFFF279E362200294962 /* Release */ = {
			isa = XCBuildConfiguration;
			buildSettings = {
				ALWAYS_SEARCH_USER_PATHS = NO;
				CLANG_ANALYZER_NONNULL = YES;
				CLANG_ANALYZER_NUMBER_OBJECT_CONVERSION = YES_AGGRESSIVE;
				CLANG_CXX_LANGUAGE_STANDARD = "gnu++17";
				CLANG_CXX_LIBRARY = "libc++";
				CLANG_ENABLE_MODULES = YES;
				CLANG_ENABLE_OBJC_ARC = YES;
				CLANG_ENABLE_OBJC_WEAK = YES;
				CLANG_WARN_BLOCK_CAPTURE_AUTORELEASING = YES;
				CLANG_WARN_BOOL_CONVERSION = YES;
				CLANG_WARN_COMMA = YES;
				CLANG_WARN_CONSTANT_CONVERSION = YES;
				CLANG_WARN_DEPRECATED_OBJC_IMPLEMENTATIONS = YES;
				CLANG_WARN_DIRECT_OBJC_ISA_USAGE = YES_ERROR;
				CLANG_WARN_DOCUMENTATION_COMMENTS = YES;
				CLANG_WARN_EMPTY_BODY = YES;
				CLANG_WARN_ENUM_CONVERSION = YES;
				CLANG_WARN_INFINITE_RECURSION = YES;
				CLANG_WARN_INT_CONVERSION = YES;
				CLANG_WARN_NON_LITERAL_NULL_CONVERSION = YES;
				CLANG_WARN_OBJC_IMPLICIT_RETAIN_SELF = YES;
				CLANG_WARN_OBJC_LITERAL_CONVERSION = YES;
				CLANG_WARN_OBJC_ROOT_CLASS = YES_ERROR;
				CLANG_WARN_QUOTED_INCLUDE_IN_FRAMEWORK_HEADER = YES;
				CLANG_WARN_RANGE_LOOP_ANALYSIS = YES;
				CLANG_WARN_STRICT_PROTOTYPES = YES;
				CLANG_WARN_SUSPICIOUS_MOVE = YES;
				CLANG_WARN_UNGUARDED_AVAILABILITY = YES_AGGRESSIVE;
				CLANG_WARN_UNREACHABLE_CODE = YES;
				CLANG_WARN__DUPLICATE_METHOD_MATCH = YES;
				COPY_PHASE_STRIP = NO;
				DEBUG_INFORMATION_FORMAT = "dwarf-with-dsym";
				ENABLE_NS_ASSERTIONS = NO;
				ENABLE_STRICT_OBJC_MSGSEND = YES;
				GCC_C_LANGUAGE_STANDARD = gnu11;
				GCC_NO_COMMON_BLOCKS = YES;
				GCC_WARN_64_TO_32_BIT_CONVERSION = YES;
				GCC_WARN_ABOUT_RETURN_TYPE = YES_ERROR;
				GCC_WARN_UNDECLARED_SELECTOR = YES;
				GCC_WARN_UNINITIALIZED_AUTOS = YES_AGGRESSIVE;
				GCC_WARN_UNUSED_FUNCTION = YES;
				GCC_WARN_UNUSED_VARIABLE = YES;
				IPHONEOS_DEPLOYMENT_TARGET = 15.2;
				MTL_ENABLE_DEBUG_INFO = NO;
				MTL_FAST_MATH = YES;
				SDKROOT = iphoneos;
				SWIFT_COMPILATION_MODE = wholemodule;
				SWIFT_OPTIMIZATION_LEVEL = "-O";
				VALIDATE_PRODUCT = YES;
			};
			name = Release;
		};
/* End XCBuildConfiguration section */

/* Begin XCConfigurationList section */
		C1C40000279E362200294962 /* Build configuration list for PBXNativeTarget "CoreDataCRUDPractice" */ = {
			isa = XCConfigurationList;
			buildConfigurations = (
				C1C40001279E362200294962 /* Debug */,
				C1C40002279E362200294962 /* Release */,
			);
			defaultConfigurationIsVisible = 0;
			defaultConfigurationName = Release;
		};
		C1C4FFE7279E362000294962 /* Build configuration list for PBXProject "CoreDataCRUDPractice" */ = {
			isa = XCConfigurationList;
			buildConfigurations = (
				C1C4FFFE279E362200294962 /* Debug */,
				C1C4FFFF279E362200294962 /* Release */,
			);
			defaultConfigurationIsVisible = 0;
			defaultConfigurationName = Release;
		};
/* End XCConfigurationList section */

/* Begin XCVersionGroup section */
		C1C40005279E3BA600294962 /* JokeModel.xcdatamodeld */ = {
			isa = XCVersionGroup;
			children = (
				C1C40006279E3BA600294962 /* JokeModel.xcdatamodel */,
			);
			currentVersion = C1C40006279E3BA600294962 /* JokeModel.xcdatamodel */;
			path = JokeModel.xcdatamodeld;
			sourceTree = "<group>";
			versionGroupType = wrapper.xcdatamodel;
		};
/* End XCVersionGroup section */
	};
	rootObject = C1C4FFE4279E362000294962 /* Project object */;
}
